
Microsoft Visual Studio Solution File, Format Version 12.00
# Visual Studio Version 16
VisualStudioVersion = 16.0.28803.352
MinimumVisualStudioVersion = 10.0.40219.1
Project("{FAE04EC0-301F-11D3-BF4B-00C04F79EFBC}") = "StateLight", "StateLight.csproj", "{343E1329-FE4A-4936-8087-7F776A625060}"
EndProject
Project("{FAE04EC0-301F-11D3-BF4B-00C04F79EFBC}") = "StateLightPluginDef", "..\StateLightPluginDef\StateLightPluginDef.csproj", "{3E5342DD-762E-41CF-9371-FB612C278D47}"
EndProject
Project("{FAE04EC0-301F-11D3-BF4B-00C04F79EFBC}") = "Lync2010Plugin", "..\Lync2010Plugin\Lync2010Plugin.csproj", "{B9BF7D24-4B20-4F78-84F7-1D857B321E04}"
EndProject
Global
	GlobalSection(SolutionConfigurationPlatforms) = preSolution
		Debug|Any CPU = Debug|Any CPU
		Release|Any CPU = Release|Any CPU
	EndGlobalSection
	GlobalSection(ProjectConfigurationPlatforms) = postSolution
		{343E1329-FE4A-4936-8087-7F776A625060}.Debug|Any CPU.ActiveCfg = Debug|Any CPU
		{343E1329-FE4A-4936-8087-7F776A625060}.Debug|Any CPU.Build.0 = Debug|Any CPU
		{343E1329-FE4A-4936-8087-7F776A625060}.Release|Any CPU.ActiveCfg = Release|Any CPU
		{343E1329-FE4A-4936-8087-7F776A625060}.Release|Any CPU.Build.0 = Release|Any CPU
		{3E5342DD-762E-41CF-9371-FB612C278D47}.Debug|Any CPU.ActiveCfg = Debug|Any CPU
		{3E5342DD-762E-41CF-9371-FB612C278D47}.Debug|Any CPU.Build.0 = Debug|Any CPU
		{3E5342DD-762E-41CF-9371-FB612C278D47}.Release|Any CPU.ActiveCfg = Release|Any CPU
		{3E5342DD-762E-41CF-9371-FB612C278D47}.Release|Any CPU.Build.0 = Release|Any CPU
		{B9BF7D24-4B20-4F78-84F7-1D857B321E04}.Debug|Any CPU.ActiveCfg = Debug|Any CPU
		{B9BF7D24-4B20-4F78-84F7-1D857B321E04}.Debug|Any CPU.Build.0 = Debug|Any CPU
		{B9BF7D24-4B20-4F78-84F7-1D857B321E04}.Release|Any CPU.ActiveCfg = Release|Any CPU
		{B9BF7D24-4B20-4F78-84F7-1D857B321E04}.Release|Any CPU.Build.0 = Release|Any CPU
	EndGlobalSection
	GlobalSection(SolutionProperties) = preSolution
		HideSolutionNode = FALSE
	EndGlobalSection
	GlobalSection(ExtensibilityGlobals) = postSolution
		SolutionGuid = {12845616-D125-4A7B-B1FB-9FAD5CA5D8D2}
	EndGlobalSection
EndGlobal
